// !$*UTF8*$!
{
	archiveVersion = 1;
	classes = {
	};
	objectVersion = 56;
	objects = {

/* Begin PBXBuildFile section */
		1F237BF92AD091AF007D73C5 /* HomeCellTableViewCell.swift in Sources */ = {isa = PBXBuildFile; fileRef = 1F237BF72AD091AF007D73C5 /* HomeCellTableViewCell.swift */; };
		1F237BFA2AD091AF007D73C5 /* HomeCellTableViewCell.xib in Resources */ = {isa = PBXBuildFile; fileRef = 1F237BF82AD091AF007D73C5 /* HomeCellTableViewCell.xib */; };
		1F94DA122AD1B2B500F15C85 /* DetailViewModel.swift in Sources */ = {isa = PBXBuildFile; fileRef = 1F94DA112AD1B2B400F15C85 /* DetailViewModel.swift */; };
		1F94DA152AD1B52400F15C85 /* DetailViewController.swift in Sources */ = {isa = PBXBuildFile; fileRef = 1F94DA132AD1B52400F15C85 /* DetailViewController.swift */; };
		1F94DA162AD1B52400F15C85 /* DetailViewController.xib in Resources */ = {isa = PBXBuildFile; fileRef = 1F94DA142AD1B52400F15C85 /* DetailViewController.xib */; };
		1FB046732ACC9B4500E20685 /* SplashViewController.xib in Resources */ = {isa = PBXBuildFile; fileRef = 1FB046722ACC9B4500E20685 /* SplashViewController.xib */; };
		1FB046752ACC9B6200E20685 /* SplashViewModel.swift in Sources */ = {isa = PBXBuildFile; fileRef = 1FB046742ACC9B6200E20685 /* SplashViewModel.swift */; };
		1FB046792ACC9E3B00E20685 /* HomeTableTableViewController.swift in Sources */ = {isa = PBXBuildFile; fileRef = 1FB046772ACC9E3B00E20685 /* HomeTableTableViewController.swift */; };
		1FB0467F2ACCAD9700E20685 /* HomeViewModel.swift in Sources */ = {isa = PBXBuildFile; fileRef = 1FB0467E2ACCAD9700E20685 /* HomeViewModel.swift */; };
		1FB618462ACC95ED00548315 /* AppDelegate.swift in Sources */ = {isa = PBXBuildFile; fileRef = 1FB618452ACC95ED00548315 /* AppDelegate.swift */; };
		1FB618482ACC95EE00548315 /* SceneDelegate.swift in Sources */ = {isa = PBXBuildFile; fileRef = 1FB618472ACC95ED00548315 /* SceneDelegate.swift */; };
		1FB6184F2ACC95F000548315 /* Assets.xcassets in Resources */ = {isa = PBXBuildFile; fileRef = 1FB6184E2ACC95F000548315 /* Assets.xcassets */; };
		1FB618522ACC95F000548315 /* LaunchScreen.storyboard in Resources */ = {isa = PBXBuildFile; fileRef = 1FB618502ACC95F000548315 /* LaunchScreen.storyboard */; };
		1FB6185B2ACC96A700548315 /* SplashViewController.swift in Sources */ = {isa = PBXBuildFile; fileRef = 1FB618592ACC96A700548315 /* SplashViewController.swift */; };
		1FFC11AD2ACCAFD8008F79C8 /* HomeTableTableViewController.xib in Resources */ = {isa = PBXBuildFile; fileRef = 1FFC11AC2ACCAFD8008F79C8 /* HomeTableTableViewController.xib */; };
		1FFC11B12ACCB0C6008F79C8 /* CharacterModel.swift in Sources */ = {isa = PBXBuildFile; fileRef = 1FFC11B02ACCB0C6008F79C8 /* CharacterModel.swift */; };
/* End PBXBuildFile section */

/* Begin PBXFileReference section */
		1F237BF72AD091AF007D73C5 /* HomeCellTableViewCell.swift */ = {isa = PBXFileReference; lastKnownFileType = sourcecode.swift; path = HomeCellTableViewCell.swift; sourceTree = "<group>"; };
		1F237BF82AD091AF007D73C5 /* HomeCellTableViewCell.xib */ = {isa = PBXFileReference; lastKnownFileType = file.xib; path = HomeCellTableViewCell.xib; sourceTree = "<group>"; };
		1F94DA112AD1B2B400F15C85 /* DetailViewModel.swift */ = {isa = PBXFileReference; lastKnownFileType = sourcecode.swift; path = DetailViewModel.swift; sourceTree = "<group>"; };
		1F94DA132AD1B52400F15C85 /* DetailViewController.swift */ = {isa = PBXFileReference; lastKnownFileType = sourcecode.swift; path = DetailViewController.swift; sourceTree = "<group>"; };
		1F94DA142AD1B52400F15C85 /* DetailViewController.xib */ = {isa = PBXFileReference; lastKnownFileType = file.xib; path = DetailViewController.xib; sourceTree = "<group>"; };
		1FB046722ACC9B4500E20685 /* SplashViewController.xib */ = {isa = PBXFileReference; fileEncoding = 4; lastKnownFileType = file.xib; path = SplashViewController.xib; sourceTree = "<group>"; };
		1FB046742ACC9B6200E20685 /* SplashViewModel.swift */ = {isa = PBXFileReference; lastKnownFileType = sourcecode.swift; path = SplashViewModel.swift; sourceTree = "<group>"; };
		1FB046772ACC9E3B00E20685 /* HomeTableTableViewController.swift */ = {isa = PBXFileReference; lastKnownFileType = sourcecode.swift; path = HomeTableTableViewController.swift; sourceTree = "<group>"; };
		1FB0467E2ACCAD9700E20685 /* HomeViewModel.swift */ = {isa = PBXFileReference; lastKnownFileType = sourcecode.swift; path = HomeViewModel.swift; sourceTree = "<group>"; };
		1FB618422ACC95ED00548315 /* MVVMPatrones.app */ = {isa = PBXFileReference; explicitFileType = wrapper.application; includeInIndex = 0; path = MVVMPatrones.app; sourceTree = BUILT_PRODUCTS_DIR; };
		1FB618452ACC95ED00548315 /* AppDelegate.swift */ = {isa = PBXFileReference; lastKnownFileType = sourcecode.swift; path = AppDelegate.swift; sourceTree = "<group>"; };
		1FB618472ACC95ED00548315 /* SceneDelegate.swift */ = {isa = PBXFileReference; lastKnownFileType = sourcecode.swift; path = SceneDelegate.swift; sourceTree = "<group>"; };
		1FB6184E2ACC95F000548315 /* Assets.xcassets */ = {isa = PBXFileReference; lastKnownFileType = folder.assetcatalog; path = Assets.xcassets; sourceTree = "<group>"; };
		1FB618512ACC95F000548315 /* Base */ = {isa = PBXFileReference; lastKnownFileType = file.storyboard; name = Base; path = Base.lproj/LaunchScreen.storyboard; sourceTree = "<group>"; };
		1FB618532ACC95F000548315 /* Info.plist */ = {isa = PBXFileReference; lastKnownFileType = text.plist.xml; path = Info.plist; sourceTree = "<group>"; };
		1FB618592ACC96A700548315 /* SplashViewController.swift */ = {isa = PBXFileReference; lastKnownFileType = sourcecode.swift; path = SplashViewController.swift; sourceTree = "<group>"; };
		1FFC11AC2ACCAFD8008F79C8 /* HomeTableTableViewController.xib */ = {isa = PBXFileReference; fileEncoding = 4; lastKnownFileType = file.xib; name = HomeTableTableViewController.xib; path = MVVMPatrones/UI/Home/View/HomeTableTableViewController.xib; sourceTree = SOURCE_ROOT; };
		1FFC11B02ACCB0C6008F79C8 /* CharacterModel.swift */ = {isa = PBXFileReference; lastKnownFileType = sourcecode.swift; path = CharacterModel.swift; sourceTree = "<group>"; };
/* End PBXFileReference section */

/* Begin PBXFrameworksBuildPhase section */
		1FB6183F2ACC95ED00548315 /* Frameworks */ = {
			isa = PBXFrameworksBuildPhase;
			buildActionMask = 2147483647;
			files = (
			);
			runOnlyForDeploymentPostprocessing = 0;
		};
/* End PBXFrameworksBuildPhase section */

/* Begin PBXGroup section */
		1F237BF62AD09183007D73C5 /* Cell */ = {
			isa = PBXGroup;
			children = (
				1F237BF72AD091AF007D73C5 /* HomeCellTableViewCell.swift */,
				1F237BF82AD091AF007D73C5 /* HomeCellTableViewCell.xib */,
			);
			path = Cell;
			sourceTree = "<group>";
		};
		1F237BFB2AD09806007D73C5 /* Models */ = {
			isa = PBXGroup;
			children = (
				1FFC11B02ACCB0C6008F79C8 /* CharacterModel.swift */,
			);
			path = Models;
			sourceTree = "<group>";
		};
		1F237BFC2AD0B0C9007D73C5 /* Detail */ = {
			isa = PBXGroup;
			children = (
				1FDFC72B2AD1B20E00F4FE61 /* View */,
				1FDFC72A2AD1B20600F4FE61 /* Controller */,
				1FDFC7292AD1B1F700F4FE61 /* ViewModel */,
			);
			path = Detail;
			sourceTree = "<group>";
		};
		1FB046762ACC9E1400E20685 /* Home */ = {
			isa = PBXGroup;
			children = (
				1F237BF62AD09183007D73C5 /* Cell */,
				1FB0467D2ACCAD7C00E20685 /* View */,
				1FB0467C2ACCAD7200E20685 /* Controller */,
				1FB0467B2ACCAD6800E20685 /* ViewModel */,
			);
			path = Home;
			sourceTree = "<group>";
		};
		1FB0467B2ACCAD6800E20685 /* ViewModel */ = {
			isa = PBXGroup;
			children = (
				1FB0467E2ACCAD9700E20685 /* HomeViewModel.swift */,
			);
			path = ViewModel;
			sourceTree = "<group>";
		};
		1FB0467C2ACCAD7200E20685 /* Controller */ = {
			isa = PBXGroup;
			children = (
				1FB046772ACC9E3B00E20685 /* HomeTableTableViewController.swift */,
			);
			path = Controller;
			sourceTree = "<group>";
		};
		1FB0467D2ACCAD7C00E20685 /* View */ = {
			isa = PBXGroup;
			children = (
				1FFC11AC2ACCAFD8008F79C8 /* HomeTableTableViewController.xib */,
			);
			path = View;
			sourceTree = "<group>";
		};
		1FB618392ACC95ED00548315 = {
			isa = PBXGroup;
			children = (
				1FB618442ACC95ED00548315 /* MVVMPatrones */,
				1FB618432ACC95ED00548315 /* Products */,
			);
			sourceTree = "<group>";
		};
		1FB618432ACC95ED00548315 /* Products */ = {
			isa = PBXGroup;
			children = (
				1FB618422ACC95ED00548315 /* MVVMPatrones.app */,
			);
			name = Products;
			sourceTree = "<group>";
		};
		1FB618442ACC95ED00548315 /* MVVMPatrones */ = {
			isa = PBXGroup;
			children = (
				1FB618532ACC95F000548315 /* Info.plist */,
				1FFC11AF2ACCB0AF008F79C8 /* Domain */,
				1FB6185D2ACC976700548315 /* App */,
				1FB6185E2ACC977B00548315 /* Resources */,
				1FB6185F2ACC978B00548315 /* UI */,
			);
			path = MVVMPatrones;
			sourceTree = "<group>";
		};
		1FB6185D2ACC976700548315 /* App */ = {
			isa = PBXGroup;
			children = (
				1FB618452ACC95ED00548315 /* AppDelegate.swift */,
				1FB618472ACC95ED00548315 /* SceneDelegate.swift */,
			);
			path = App;
			sourceTree = "<group>";
		};
		1FB6185E2ACC977B00548315 /* Resources */ = {
			isa = PBXGroup;
			children = (
				1FB6184E2ACC95F000548315 /* Assets.xcassets */,
			);
			path = Resources;
			sourceTree = "<group>";
		};
		1FB6185F2ACC978B00548315 /* UI */ = {
			isa = PBXGroup;
			children = (
				1FB618602ACC97AD00548315 /* Splash */,
				1FB046762ACC9E1400E20685 /* Home */,
				1F237BFC2AD0B0C9007D73C5 /* Detail */,
			);
			path = UI;
			sourceTree = "<group>";
		};
		1FB618602ACC97AD00548315 /* Splash */ = {
			isa = PBXGroup;
			children = (
				1FB618612ACC97BE00548315 /* View */,
				1FB618622ACC97C700548315 /* Controller */,
				1FB618632ACC97D100548315 /* ViewModel */,
			);
			path = Splash;
			sourceTree = "<group>";
		};
		1FB618612ACC97BE00548315 /* View */ = {
			isa = PBXGroup;
			children = (
				1FB046722ACC9B4500E20685 /* SplashViewController.xib */,
				1FB618502ACC95F000548315 /* LaunchScreen.storyboard */,
			);
			path = View;
			sourceTree = "<group>";
		};
		1FB618622ACC97C700548315 /* Controller */ = {
			isa = PBXGroup;
			children = (
				1FB618592ACC96A700548315 /* SplashViewController.swift */,
			);
			path = Controller;
			sourceTree = "<group>";
		};
		1FB618632ACC97D100548315 /* ViewModel */ = {
			isa = PBXGroup;
			children = (
				1FB046742ACC9B6200E20685 /* SplashViewModel.swift */,
			);
			path = ViewModel;
			sourceTree = "<group>";
		};
		1FDFC7292AD1B1F700F4FE61 /* ViewModel */ = {
			isa = PBXGroup;
			children = (
				1F94DA112AD1B2B400F15C85 /* DetailViewModel.swift */,
			);
			path = ViewModel;
			sourceTree = "<group>";
		};
		1FDFC72A2AD1B20600F4FE61 /* Controller */ = {
			isa = PBXGroup;
			children = (
			);
			path = Controller;
			sourceTree = "<group>";
		};
		1FDFC72B2AD1B20E00F4FE61 /* View */ = {
			isa = PBXGroup;
			children = (
				1F94DA132AD1B52400F15C85 /* DetailViewController.swift */,
				1F94DA142AD1B52400F15C85 /* DetailViewController.xib */,
			);
			path = View;
			sourceTree = "<group>";
		};
		1FFC11AF2ACCB0AF008F79C8 /* Domain */ = {
			isa = PBXGroup;
			children = (
				1F237BFB2AD09806007D73C5 /* Models */,
			);
			path = Domain;
			sourceTree = "<group>";
		};
/* End PBXGroup section */

/* Begin PBXNativeTarget section */
		1FB618412ACC95ED00548315 /* MVVMPatrones */ = {
			isa = PBXNativeTarget;
			buildConfigurationList = 1FB618562ACC95F000548315 /* Build configuration list for PBXNativeTarget "MVVMPatrones" */;
			buildPhases = (
				1FB6183E2ACC95ED00548315 /* Sources */,
				1FB6183F2ACC95ED00548315 /* Frameworks */,
				1FB618402ACC95ED00548315 /* Resources */,
			);
			buildRules = (
			);
			dependencies = (
			);
			name = MVVMPatrones;
			productName = MVVMPatrones;
			productReference = 1FB618422ACC95ED00548315 /* MVVMPatrones.app */;
			productType = "com.apple.product-type.application";
		};
/* End PBXNativeTarget section */

/* Begin PBXProject section */
		1FB6183A2ACC95ED00548315 /* Project object */ = {
			isa = PBXProject;
			attributes = {
				BuildIndependentTargetsInParallel = 1;
				LastSwiftUpdateCheck = 1420;
				LastUpgradeCheck = 1420;
				TargetAttributes = {
					1FB618412ACC95ED00548315 = {
						CreatedOnToolsVersion = 14.2;
					};
				};
			};
			buildConfigurationList = 1FB6183D2ACC95ED00548315 /* Build configuration list for PBXProject "MVVMPatrones" */;
			compatibilityVersion = "Xcode 14.0";
			developmentRegion = en;
			hasScannedForEncodings = 0;
			knownRegions = (
				en,
				Base,
			);
			mainGroup = 1FB618392ACC95ED00548315;
			productRefGroup = 1FB618432ACC95ED00548315 /* Products */;
			projectDirPath = "";
			projectRoot = "";
			targets = (
				1FB618412ACC95ED00548315 /* MVVMPatrones */,
			);
		};
/* End PBXProject section */

/* Begin PBXResourcesBuildPhase section */
		1FB618402ACC95ED00548315 /* Resources */ = {
			isa = PBXResourcesBuildPhase;
			buildActionMask = 2147483647;
			files = (
				1FB618522ACC95F000548315 /* LaunchScreen.storyboard in Resources */,
				1F94DA162AD1B52400F15C85 /* DetailViewController.xib in Resources */,
				1F237BFA2AD091AF007D73C5 /* HomeCellTableViewCell.xib in Resources */,
				1FB6184F2ACC95F000548315 /* Assets.xcassets in Resources */,
				1FB046732ACC9B4500E20685 /* SplashViewController.xib in Resources */,
				1FFC11AD2ACCAFD8008F79C8 /* HomeTableTableViewController.xib in Resources */,
			);
			runOnlyForDeploymentPostprocessing = 0;
		};
/* End PBXResourcesBuildPhase section */

/* Begin PBXSourcesBuildPhase section */
		1FB6183E2ACC95ED00548315 /* Sources */ = {
			isa = PBXSourcesBuildPhase;
			buildActionMask = 2147483647;
			files = (
				1FB6185B2ACC96A700548315 /* SplashViewController.swift in Sources */,
				1FB046792ACC9E3B00E20685 /* HomeTableTableViewController.swift in Sources */,
				1F94DA122AD1B2B500F15C85 /* DetailViewModel.swift in Sources */,
				1F237BF92AD091AF007D73C5 /* HomeCellTableViewCell.swift in Sources */,
				1FFC11B12ACCB0C6008F79C8 /* CharacterModel.swift in Sources */,
				1FB046752ACC9B6200E20685 /* SplashViewModel.swift in Sources */,
				1FB0467F2ACCAD9700E20685 /* HomeViewModel.swift in Sources */,
				1F94DA152AD1B52400F15C85 /* DetailViewController.swift in Sources */,
				1FB618462ACC95ED00548315 /* AppDelegate.swift in Sources */,
				1FB618482ACC95EE00548315 /* SceneDelegate.swift in Sources */,
			);
			runOnlyForDeploymentPostprocessing = 0;
		};
/* End PBXSourcesBuildPhase section */

/* Begin PBXVariantGroup section */
		1FB618502ACC95F000548315 /* LaunchScreen.storyboard */ = {
			isa = PBXVariantGroup;
			children = (
				1FB618512ACC95F000548315 /* Base */,
			);
			name = LaunchScreen.storyboard;
			sourceTree = "<group>";
		};
/* End PBXVariantGroup section */

/* Begin XCBuildConfiguration section */
		1FB618542ACC95F000548315 /* Debug */ = {
			isa = XCBuildConfiguration;
			buildSettings = {
				ALWAYS_SEARCH_USER_PATHS = NO;
				CLANG_ANALYZER_NONNULL = YES;
				CLANG_ANALYZER_NUMBER_OBJECT_CONVERSION = YES_AGGRESSIVE;
				CLANG_CXX_LANGUAGE_STANDARD = "gnu++20";
				CLANG_ENABLE_MODULES = YES;
				CLANG_ENABLE_OBJC_ARC = YES;
				CLANG_ENABLE_OBJC_WEAK = YES;
				CLANG_WARN_BLOCK_CAPTURE_AUTORELEASING = YES;
				CLANG_WARN_BOOL_CONVERSION = YES;
				CLANG_WARN_COMMA = YES;
				CLANG_WARN_CONSTANT_CONVERSION = YES;
				CLANG_WARN_DEPRECATED_OBJC_IMPLEMENTATIONS = YES;
				CLANG_WARN_DIRECT_OBJC_ISA_USAGE = YES_ERROR;
				CLANG_WARN_DOCUMENTATION_COMMENTS = YES;
				CLANG_WARN_EMPTY_BODY = YES;
				CLANG_WARN_ENUM_CONVERSION = YES;
				CLANG_WARN_INFINITE_RECURSION = YES;
				CLANG_WARN_INT_CONVERSION = YES;
				CLANG_WARN_NON_LITERAL_NULL_CONVERSION = YES;
				CLANG_WARN_OBJC_IMPLICIT_RETAIN_SELF = YES;
				CLANG_WARN_OBJC_LITERAL_CONVERSION = YES;
				CLANG_WARN_OBJC_ROOT_CLASS = YES_ERROR;
				CLANG_WARN_QUOTED_INCLUDE_IN_FRAMEWORK_HEADER = YES;
				CLANG_WARN_RANGE_LOOP_ANALYSIS = YES;
				CLANG_WARN_STRICT_PROTOTYPES = YES;
				CLANG_WARN_SUSPICIOUS_MOVE = YES;
				CLANG_WARN_UNGUARDED_AVAILABILITY = YES_AGGRESSIVE;
				CLANG_WARN_UNREACHABLE_CODE = YES;
				CLANG_WARN__DUPLICATE_METHOD_MATCH = YES;
				COPY_PHASE_STRIP = NO;
				DEBUG_INFORMATION_FORMAT = dwarf;
				ENABLE_STRICT_OBJC_MSGSEND = YES;
				ENABLE_TESTABILITY = YES;
				GCC_C_LANGUAGE_STANDARD = gnu11;
				GCC_DYNAMIC_NO_PIC = NO;
				GCC_NO_COMMON_BLOCKS = YES;
				GCC_OPTIMIZATION_LEVEL = 0;
				GCC_PREPROCESSOR_DEFINITIONS = (
					"DEBUG=1",
					"$(inherited)",
				);
				GCC_WARN_64_TO_32_BIT_CONVERSION = YES;
				GCC_WARN_ABOUT_RETURN_TYPE = YES_ERROR;
				GCC_WARN_UNDECLARED_SELECTOR = YES;
				GCC_WARN_UNINITIALIZED_AUTOS = YES_AGGRESSIVE;
				GCC_WARN_UNUSED_FUNCTION = YES;
				GCC_WARN_UNUSED_VARIABLE = YES;
				IPHONEOS_DEPLOYMENT_TARGET = 16.2;
				MTL_ENABLE_DEBUG_INFO = INCLUDE_SOURCE;
				MTL_FAST_MATH = YES;
				ONLY_ACTIVE_ARCH = YES;
				SDKROOT = iphoneos;
				SWIFT_ACTIVE_COMPILATION_CONDITIONS = DEBUG;
				SWIFT_OPTIMIZATION_LEVEL = "-Onone";
			};
			name = Debug;
		};
		1FB618552ACC95F000548315 /* Release */ = {
			isa = XCBuildConfiguration;
			buildSettings = {
				ALWAYS_SEARCH_USER_PATHS = NO;
				CLANG_ANALYZER_NONNULL = YES;
				CLANG_ANALYZER_NUMBER_OBJECT_CONVERSION = YES_AGGRESSIVE;
				CLANG_CXX_LANGUAGE_STANDARD = "gnu++20";
				CLANG_ENABLE_MODULES = YES;
				CLANG_ENABLE_OBJC_ARC = YES;
				CLANG_ENABLE_OBJC_WEAK = YES;
				CLANG_WARN_BLOCK_CAPTURE_AUTORELEASING = YES;
				CLANG_WARN_BOOL_CONVERSION = YES;
				CLANG_WARN_COMMA = YES;
				CLANG_WARN_CONSTANT_CONVERSION = YES;
				CLANG_WARN_DEPRECATED_OBJC_IMPLEMENTATIONS = YES;
				CLANG_WARN_DIRECT_OBJC_ISA_USAGE = YES_ERROR;
				CLANG_WARN_DOCUMENTATION_COMMENTS = YES;
				CLANG_WARN_EMPTY_BODY = YES;
				CLANG_WARN_ENUM_CONVERSION = YES;
				CLANG_WARN_INFINITE_RECURSION = YES;
				CLANG_WARN_INT_CONVERSION = YES;
				CLANG_WARN_NON_LITERAL_NULL_CONVERSION = YES;
				CLANG_WARN_OBJC_IMPLICIT_RETAIN_SELF = YES;
				CLANG_WARN_OBJC_LITERAL_CONVERSION = YES;
				CLANG_WARN_OBJC_ROOT_CLASS = YES_ERROR;
				CLANG_WARN_QUOTED_INCLUDE_IN_FRAMEWORK_HEADER = YES;
				CLANG_WARN_RANGE_LOOP_ANALYSIS = YES;
				CLANG_WARN_STRICT_PROTOTYPES = YES;
				CLANG_WARN_SUSPICIOUS_MOVE = YES;
				CLANG_WARN_UNGUARDED_AVAILABILITY = YES_AGGRESSIVE;
				CLANG_WARN_UNREACHABLE_CODE = YES;
				CLANG_WARN__DUPLICATE_METHOD_MATCH = YES;
				COPY_PHASE_STRIP = NO;
				DEBUG_INFORMATION_FORMAT = "dwarf-with-dsym";
				ENABLE_NS_ASSERTIONS = NO;
				ENABLE_STRICT_OBJC_MSGSEND = YES;
				GCC_C_LANGUAGE_STANDARD = gnu11;
				GCC_NO_COMMON_BLOCKS = YES;
				GCC_WARN_64_TO_32_BIT_CONVERSION = YES;
				GCC_WARN_ABOUT_RETURN_TYPE = YES_ERROR;
				GCC_WARN_UNDECLARED_SELECTOR = YES;
				GCC_WARN_UNINITIALIZED_AUTOS = YES_AGGRESSIVE;
				GCC_WARN_UNUSED_FUNCTION = YES;
				GCC_WARN_UNUSED_VARIABLE = YES;
				IPHONEOS_DEPLOYMENT_TARGET = 16.2;
				MTL_ENABLE_DEBUG_INFO = NO;
				MTL_FAST_MATH = YES;
				SDKROOT = iphoneos;
				SWIFT_COMPILATION_MODE = wholemodule;
				SWIFT_OPTIMIZATION_LEVEL = "-O";
				VALIDATE_PRODUCT = YES;
			};
			name = Release;
		};
		1FB618572ACC95F000548315 /* Debug */ = {
			isa = XCBuildConfiguration;
			buildSettings = {
				ASSETCATALOG_COMPILER_APPICON_NAME = AppIcon;
				ASSETCATALOG_COMPILER_GLOBAL_ACCENT_COLOR_NAME = AccentColor;
				CODE_SIGN_STYLE = Automatic;
				CURRENT_PROJECT_VERSION = 1;
				DEVELOPMENT_TEAM = Z6336UHQ5Z;
				GENERATE_INFOPLIST_FILE = YES;
				INFOPLIST_FILE = MVVMPatrones/Info.plist;
				INFOPLIST_KEY_UIApplicationSupportsIndirectInputEvents = YES;
				INFOPLIST_KEY_UILaunchStoryboardName = LaunchScreen;
				INFOPLIST_KEY_UISupportedInterfaceOrientations_iPad = "UIInterfaceOrientationPortrait UIInterfaceOrientationPortraitUpsideDown UIInterfaceOrientationLandscapeLeft UIInterfaceOrientationLandscapeRight";
				INFOPLIST_KEY_UISupportedInterfaceOrientations_iPhone = "UIInterfaceOrientationPortrait UIInterfaceOrientationLandscapeLeft UIInterfaceOrientationLandscapeRight";
				LD_RUNPATH_SEARCH_PATHS = (
					"$(inherited)",
					"@executable_path/Frameworks",
				);
				MARKETING_VERSION = 1.0;
				PRODUCT_BUNDLE_IDENTIFIER = IBV.MVVMPatrones;
				PRODUCT_NAME = "$(TARGET_NAME)";
				SWIFT_EMIT_LOC_STRINGS = YES;
				SWIFT_VERSION = 5.0;
				TARGETED_DEVICE_FAMILY = "1,2";
			};
			name = Debug;
		};
		1FB618582ACC95F000548315 /* Release */ = {
			isa = XCBuildConfiguration;
			buildSettings = {
				ASSETCATALOG_COMPILER_APPICON_NAME = AppIcon;
				ASSETCATALOG_COMPILER_GLOBAL_ACCENT_COLOR_NAME = AccentColor;
				CODE_SIGN_STYLE = Automatic;
				CURRENT_PROJECT_VERSION = 1;
				DEVELOPMENT_TEAM = Z6336UHQ5Z;
				GENERATE_INFOPLIST_FILE = YES;
				INFOPLIST_FILE = MVVMPatrones/Info.plist;
				INFOPLIST_KEY_UIApplicationSupportsIndirectInputEvents = YES;
				INFOPLIST_KEY_UILaunchStoryboardName = LaunchScreen;
				INFOPLIST_KEY_UISupportedInterfaceOrientations_iPad = "UIInterfaceOrientationPortrait UIInterfaceOrientationPortraitUpsideDown UIInterfaceOrientationLandscapeLeft UIInterfaceOrientationLandscapeRight";
				INFOPLIST_KEY_UISupportedInterfaceOrientations_iPhone = "UIInterfaceOrientationPortrait UIInterfaceOrientationLandscapeLeft UIInterfaceOrientationLandscapeRight";
				LD_RUNPATH_SEARCH_PATHS = (
					"$(inherited)",
					"@executable_path/Frameworks",
				);
				MARKETING_VERSION = 1.0;
				PRODUCT_BUNDLE_IDENTIFIER = IBV.MVVMPatrones;
				PRODUCT_NAME = "$(TARGET_NAME)";
				SWIFT_EMIT_LOC_STRINGS = YES;
				SWIFT_VERSION = 5.0;
				TARGETED_DEVICE_FAMILY = "1,2";
			};
			name = Release;
		};
/* End XCBuildConfiguration section */

/* Begin XCConfigurationList section */
		1FB6183D2ACC95ED00548315 /* Build configuration list for PBXProject "MVVMPatrones" */ = {
			isa = XCConfigurationList;
			buildConfigurations = (
				1FB618542ACC95F000548315 /* Debug */,
				1FB618552ACC95F000548315 /* Release */,
			);
			defaultConfigurationIsVisible = 0;
			defaultConfigurationName = Release;
		};
		1FB618562ACC95F000548315 /* Build configuration list for PBXNativeTarget "MVVMPatrones" */ = {
			isa = XCConfigurationList;
			buildConfigurations = (
				1FB618572ACC95F000548315 /* Debug */,
				1FB618582ACC95F000548315 /* Release */,
			);
			defaultConfigurationIsVisible = 0;
			defaultConfigurationName = Release;
		};
/* End XCConfigurationList section */
	};
	rootObject = 1FB6183A2ACC95ED00548315 /* Project object */;
}
